// !$*UTF8*$!
{
	archiveVersion = 1;
	classes = {
	};
	objectVersion = 50;
	objects = {

/* Begin PBXBuildFile section */
		7D0D5093207DC93900F8E4EE /* Info.plist in Resources */ = {isa = PBXBuildFile; fileRef = 7D0D5086207DC93800F8E4EE /* Info.plist */; };
		7D0D5098207DC93900F8E4EE /* ViewController.swift in Sources */ = {isa = PBXBuildFile; fileRef = 7D0D508B207DC93800F8E4EE /* ViewController.swift */; };
		7D0D5099207DC93900F8E4EE /* Main.storyboard in Resources */ = {isa = PBXBuildFile; fileRef = 7D0D508C207DC93800F8E4EE /* Main.storyboard */; };
		7D0D509A207DC93900F8E4EE /* LaunchScreen.storyboard in Resources */ = {isa = PBXBuildFile; fileRef = 7D0D508D207DC93800F8E4EE /* LaunchScreen.storyboard */; };
		7D0D509B207DC93900F8E4EE /* AppDelegate.swift in Sources */ = {isa = PBXBuildFile; fileRef = 7D0D508E207DC93800F8E4EE /* AppDelegate.swift */; };
		7D0D509C207DC93900F8E4EE /* Assets.xcassets in Resources */ = {isa = PBXBuildFile; fileRef = 7D0D508F207DC93800F8E4EE /* Assets.xcassets */; };
		7D0D50A4207DC9C700F8E4EE /* WJPhotosTool.swift in Sources */ = {isa = PBXBuildFile; fileRef = 7D0D509F207DC9C700F8E4EE /* WJPhotosTool.swift */; };
		7D0D50A5207DC9C700F8E4EE /* WJAssetGridViewController.swift in Sources */ = {isa = PBXBuildFile; fileRef = 7D0D50A1207DC9C700F8E4EE /* WJAssetGridViewController.swift */; };
		7D0D50A6207DC9C700F8E4EE /* WJPhotos.storyboard in Resources */ = {isa = PBXBuildFile; fileRef = 7D0D50A2207DC9C700F8E4EE /* WJPhotos.storyboard */; };
		7D0D50A7207DC9C700F8E4EE /* WJPhotosList.swift in Sources */ = {isa = PBXBuildFile; fileRef = 7D0D50A3207DC9C700F8E4EE /* WJPhotosList.swift */; };
		7D0D50A9207DCA0900F8E4EE /* WJImage.xcassets in Resources */ = {isa = PBXBuildFile; fileRef = 7D0D50A8207DCA0900F8E4EE /* WJImage.xcassets */; };
/* End PBXBuildFile section */

/* Begin PBXFileReference section */
		7D0D5086207DC93800F8E4EE /* Info.plist */ = {isa = PBXFileReference; fileEncoding = 4; lastKnownFileType = text.plist.xml; path = Info.plist; sourceTree = "<group>"; };
		7D0D508B207DC93800F8E4EE /* ViewController.swift */ = {isa = PBXFileReference; fileEncoding = 4; lastKnownFileType = sourcecode.swift; path = ViewController.swift; sourceTree = "<group>"; };
		7D0D508C207DC93800F8E4EE /* Main.storyboard */ = {isa = PBXFileReference; fileEncoding = 4; lastKnownFileType = file.storyboard; path = Main.storyboard; sourceTree = "<group>"; };
		7D0D508D207DC93800F8E4EE /* LaunchScreen.storyboard */ = {isa = PBXFileReference; fileEncoding = 4; lastKnownFileType = file.storyboard; path = LaunchScreen.storyboard; sourceTree = "<group>"; };
		7D0D508E207DC93800F8E4EE /* AppDelegate.swift */ = {isa = PBXFileReference; fileEncoding = 4; lastKnownFileType = sourcecode.swift; path = AppDelegate.swift; sourceTree = "<group>"; };
		7D0D508F207DC93800F8E4EE /* Assets.xcassets */ = {isa = PBXFileReference; lastKnownFileType = folder.assetcatalog; path = Assets.xcassets; sourceTree = "<group>"; };
		7D0D509F207DC9C700F8E4EE /* WJPhotosTool.swift */ = {isa = PBXFileReference; fileEncoding = 4; lastKnownFileType = sourcecode.swift; path = WJPhotosTool.swift; sourceTree = "<group>"; };
		7D0D50A1207DC9C700F8E4EE /* WJAssetGridViewController.swift */ = {isa = PBXFileReference; fileEncoding = 4; lastKnownFileType = sourcecode.swift; path = WJAssetGridViewController.swift; sourceTree = "<group>"; };
		7D0D50A2207DC9C700F8E4EE /* WJPhotos.storyboard */ = {isa = PBXFileReference; fileEncoding = 4; lastKnownFileType = file.storyboard; path = WJPhotos.storyboard; sourceTree = "<group>"; };
		7D0D50A3207DC9C700F8E4EE /* WJPhotosList.swift */ = {isa = PBXFileReference; fileEncoding = 4; lastKnownFileType = sourcecode.swift; path = WJPhotosList.swift; sourceTree = "<group>"; };
		7D0D50A8207DCA0900F8E4EE /* WJImage.xcassets */ = {isa = PBXFileReference; lastKnownFileType = folder.assetcatalog; path = WJImage.xcassets; sourceTree = "<group>"; };
		7DA35ED1207B00E200E58429 /* WJPhotos.app */ = {isa = PBXFileReference; explicitFileType = wrapper.application; includeInIndex = 0; path = WJPhotos.app; sourceTree = BUILT_PRODUCTS_DIR; };
/* End PBXFileReference section */

/* Begin PBXFrameworksBuildPhase section */
		7DA35ECE207B00E200E58429 /* Frameworks */ = {
			isa = PBXFrameworksBuildPhase;
			buildActionMask = 2147483647;
			files = (
			);
			runOnlyForDeploymentPostprocessing = 0;
		};
/* End PBXFrameworksBuildPhase section */

/* Begin PBXGroup section */
		7D0D509E207DC96300F8E4EE /* wjImage */ = {
			isa = PBXGroup;
			children = (
				7D0D50A8207DCA0900F8E4EE /* WJImage.xcassets */,
				7D0D50A2207DC9C700F8E4EE /* WJPhotos.storyboard */,
				7D0D50A1207DC9C700F8E4EE /* WJAssetGridViewController.swift */,
				7D0D50A3207DC9C700F8E4EE /* WJPhotosList.swift */,
				7D0D509F207DC9C700F8E4EE /* WJPhotosTool.swift */,
			);
			path = wjImage;
			sourceTree = "<group>";
		};
		7DA35EC8207B00E200E58429 = {
			isa = PBXGroup;
			children = (
				7DA35ED3207B00E200E58429 /* WJPhotos */,
				7DA35ED2207B00E200E58429 /* Products */,
			);
			sourceTree = "<group>";
		};
		7DA35ED2207B00E200E58429 /* Products */ = {
			isa = PBXGroup;
			children = (
				7DA35ED1207B00E200E58429 /* WJPhotos.app */,
			);
			name = Products;
			sourceTree = "<group>";
		};
		7DA35ED3207B00E200E58429 /* WJPhotos */ = {
			isa = PBXGroup;
			children = (
				7D0D509E207DC96300F8E4EE /* wjImage */,
				7D0D508E207DC93800F8E4EE /* AppDelegate.swift */,
				7D0D508F207DC93800F8E4EE /* Assets.xcassets */,
				7D0D5086207DC93800F8E4EE /* Info.plist */,
				7D0D508D207DC93800F8E4EE /* LaunchScreen.storyboard */,
				7D0D508C207DC93800F8E4EE /* Main.storyboard */,
				7D0D508B207DC93800F8E4EE /* ViewController.swift */,
			);
			path = WJPhotos;
			sourceTree = "<group>";
		};
/* End PBXGroup section */

/* Begin PBXNativeTarget section */
		7DA35ED0207B00E200E58429 /* WJPhotos */ = {
			isa = PBXNativeTarget;
			buildConfigurationList = 7DA35EE3207B00E400E58429 /* Build configuration list for PBXNativeTarget "WJPhotos" */;
			buildPhases = (
				7DA35ECD207B00E200E58429 /* Sources */,
				7DA35ECE207B00E200E58429 /* Frameworks */,
				7DA35ECF207B00E200E58429 /* Resources */,
			);
			buildRules = (
			);
			dependencies = (
			);
			name = WJPhotos;
			productName = WJPhotos;
			productReference = 7DA35ED1207B00E200E58429 /* WJPhotos.app */;
			productType = "com.apple.product-type.application";
		};
/* End PBXNativeTarget section */

/* Begin PBXProject section */
		7DA35EC9207B00E200E58429 /* Project object */ = {
			isa = PBXProject;
			attributes = {
				LastSwiftUpdateCheck = 0930;
				LastUpgradeCheck = 0930;
				ORGANIZATIONNAME = wjq;
				TargetAttributes = {
					7DA35ED0207B00E200E58429 = {
						CreatedOnToolsVersion = 9.3;
						LastSwiftMigration = 0930;
					};
				};
			};
			buildConfigurationList = 7DA35ECC207B00E200E58429 /* Build configuration list for PBXProject "WJPhotos" */;
			compatibilityVersion = "Xcode 9.3";
			developmentRegion = en;
			hasScannedForEncodings = 0;
			knownRegions = (
				en,
				Base,
			);
			mainGroup = 7DA35EC8207B00E200E58429;
			productRefGroup = 7DA35ED2207B00E200E58429 /* Products */;
			projectDirPath = "";
			projectRoot = "";
			targets = (
				7DA35ED0207B00E200E58429 /* WJPhotos */,
			);
		};
/* End PBXProject section */

/* Begin PBXResourcesBuildPhase section */
		7DA35ECF207B00E200E58429 /* Resources */ = {
			isa = PBXResourcesBuildPhase;
			buildActionMask = 2147483647;
			files = (
				7D0D50A9207DCA0900F8E4EE /* WJImage.xcassets in Resources */,
				7D0D5099207DC93900F8E4EE /* Main.storyboard in Resources */,
				7D0D509A207DC93900F8E4EE /* LaunchScreen.storyboard in Resources */,
				7D0D50A6207DC9C700F8E4EE /* WJPhotos.storyboard in Resources */,
				7D0D509C207DC93900F8E4EE /* Assets.xcassets in Resources */,
				7D0D5093207DC93900F8E4EE /* Info.plist in Resources */,
			);
			runOnlyForDeploymentPostprocessing = 0;
		};
/* End PBXResourcesBuildPhase section */

/* Begin PBXSourcesBuildPhase section */
		7DA35ECD207B00E200E58429 /* Sources */ = {
			isa = PBXSourcesBuildPhase;
			buildActionMask = 2147483647;
			files = (
				7D0D50A5207DC9C700F8E4EE /* WJAssetGridViewController.swift in Sources */,
				7D0D509B207DC93900F8E4EE /* AppDelegate.swift in Sources */,
				7D0D5098207DC93900F8E4EE /* ViewController.swift in Sources */,
				7D0D50A7207DC9C700F8E4EE /* WJPhotosList.swift in Sources */,
				7D0D50A4207DC9C700F8E4EE /* WJPhotosTool.swift in Sources */,
			);
			runOnlyForDeploymentPostprocessing = 0;
		};
/* End PBXSourcesBuildPhase section */

/* Begin XCBuildConfiguration section */
		7DA35EE1207B00E400E58429 /* Debug */ = {
			isa = XCBuildConfiguration;
			buildSettings = {
				ALWAYS_SEARCH_USER_PATHS = NO;
				CLANG_ANALYZER_NONNULL = YES;
				CLANG_ANALYZER_NUMBER_OBJECT_CONVERSION = YES_AGGRESSIVE;
				CLANG_CXX_LANGUAGE_STANDARD = "gnu++14";
				CLANG_CXX_LIBRARY = "libc++";
				CLANG_ENABLE_MODULES = YES;
				CLANG_ENABLE_OBJC_ARC = YES;
				CLANG_ENABLE_OBJC_WEAK = YES;
				CLANG_WARN_BLOCK_CAPTURE_AUTORELEASING = YES;
				CLANG_WARN_BOOL_CONVERSION = YES;
				CLANG_WARN_COMMA = YES;
				CLANG_WARN_CONSTANT_CONVERSION = YES;
				CLANG_WARN_DEPRECATED_OBJC_IMPLEMENTATIONS = YES;
				CLANG_WARN_DIRECT_OBJC_ISA_USAGE = YES_ERROR;
				CLANG_WARN_DOCUMENTATION_COMMENTS = YES;
				CLANG_WARN_EMPTY_BODY = YES;
				CLANG_WARN_ENUM_CONVERSION = YES;
				CLANG_WARN_INFINITE_RECURSION = YES;
				CLANG_WARN_INT_CONVERSION = YES;
				CLANG_WARN_NON_LITERAL_NULL_CONVERSION = YES;
				CLANG_WARN_OBJC_IMPLICIT_RETAIN_SELF = YES;
				CLANG_WARN_OBJC_LITERAL_CONVERSION = YES;
				CLANG_WARN_OBJC_ROOT_CLASS = YES_ERROR;
				CLANG_WARN_RANGE_LOOP_ANALYSIS = YES;
				CLANG_WARN_STRICT_PROTOTYPES = YES;
				CLANG_WARN_SUSPICIOUS_MOVE = YES;
				CLANG_WARN_UNGUARDED_AVAILABILITY = YES_AGGRESSIVE;
				CLANG_WARN_UNREACHABLE_CODE = YES;
				CLANG_WARN__DUPLICATE_METHOD_MATCH = YES;
				CODE_SIGN_IDENTITY = "iPhone Developer";
				COPY_PHASE_STRIP = NO;
				DEBUG_INFORMATION_FORMAT = dwarf;
				ENABLE_STRICT_OBJC_MSGSEND = YES;
				ENABLE_TESTABILITY = YES;
				GCC_C_LANGUAGE_STANDARD = gnu11;
				GCC_DYNAMIC_NO_PIC = NO;
				GCC_NO_COMMON_BLOCKS = YES;
				GCC_OPTIMIZATION_LEVEL = 0;
				GCC_PREPROCESSOR_DEFINITIONS = (
					"DEBUG=1",
					"$(inherited)",
				);
				GCC_WARN_64_TO_32_BIT_CONVERSION = YES;
				GCC_WARN_ABOUT_RETURN_TYPE = YES_ERROR;
				GCC_WARN_UNDECLARED_SELECTOR = YES;
				GCC_WARN_UNINITIALIZED_AUTOS = YES_AGGRESSIVE;
				GCC_WARN_UNUSED_FUNCTION = YES;
				GCC_WARN_UNUSED_VARIABLE = YES;
				IPHONEOS_DEPLOYMENT_TARGET = 11.3;
				MTL_ENABLE_DEBUG_INFO = YES;
				ONLY_ACTIVE_ARCH = YES;
				SDKROOT = iphoneos;
				SWIFT_ACTIVE_COMPILATION_CONDITIONS = DEBUG;
				SWIFT_OPTIMIZATION_LEVEL = "-Onone";
			};
			name = Debug;
		};
		7DA35EE2207B00E400E58429 /* Release */ = {
			isa = XCBuildConfiguration;
			buildSettings = {
				ALWAYS_SEARCH_USER_PATHS = NO;
				CLANG_ANALYZER_NONNULL = YES;
				CLANG_ANALYZER_NUMBER_OBJECT_CONVERSION = YES_AGGRESSIVE;
				CLANG_CXX_LANGUAGE_STANDARD = "gnu++14";
				CLANG_CXX_LIBRARY = "libc++";
				CLANG_ENABLE_MODULES = YES;
				CLANG_ENABLE_OBJC_ARC = YES;
				CLANG_ENABLE_OBJC_WEAK = YES;
				CLANG_WARN_BLOCK_CAPTURE_AUTORELEASING = YES;
				CLANG_WARN_BOOL_CONVERSION = YES;
				CLANG_WARN_COMMA = YES;
				CLANG_WARN_CONSTANT_CONVERSION = YES;
				CLANG_WARN_DEPRECATED_OBJC_IMPLEMENTATIONS = YES;
				CLANG_WARN_DIRECT_OBJC_ISA_USAGE = YES_ERROR;
				CLANG_WARN_DOCUMENTATION_COMMENTS = YES;
				CLANG_WARN_EMPTY_BODY = YES;
				CLANG_WARN_ENUM_CONVERSION = YES;
				CLANG_WARN_INFINITE_RECURSION = YES;
				CLANG_WARN_INT_CONVERSION = YES;
				CLANG_WARN_NON_LITERAL_NULL_CONVERSION = YES;
				CLANG_WARN_OBJC_IMPLICIT_RETAIN_SELF = YES;
				CLANG_WARN_OBJC_LITERAL_CONVERSION = YES;
				CLANG_WARN_OBJC_ROOT_CLASS = YES_ERROR;
				CLANG_WARN_RANGE_LOOP_ANALYSIS = YES;
				CLANG_WARN_STRICT_PROTOTYPES = YES;
				CLANG_WARN_SUSPICIOUS_MOVE = YES;
				CLANG_WARN_UNGUARDED_AVAILABILITY = YES_AGGRESSIVE;
				CLANG_WARN_UNREACHABLE_CODE = YES;
				CLANG_WARN__DUPLICATE_METHOD_MATCH = YES;
				CODE_SIGN_IDENTITY = "iPhone Developer";
				COPY_PHASE_STRIP = NO;
				DEBUG_INFORMATION_FORMAT = "dwarf-with-dsym";
				ENABLE_NS_ASSERTIONS = NO;
				ENABLE_STRICT_OBJC_MSGSEND = YES;
				GCC_C_LANGUAGE_STANDARD = gnu11;
				GCC_NO_COMMON_BLOCKS = YES;
				GCC_WARN_64_TO_32_BIT_CONVERSION = YES;
				GCC_WARN_ABOUT_RETURN_TYPE = YES_ERROR;
				GCC_WARN_UNDECLARED_SELECTOR = YES;
				GCC_WARN_UNINITIALIZED_AUTOS = YES_AGGRESSIVE;
				GCC_WARN_UNUSED_FUNCTION = YES;
				GCC_WARN_UNUSED_VARIABLE = YES;
				IPHONEOS_DEPLOYMENT_TARGET = 11.3;
				MTL_ENABLE_DEBUG_INFO = NO;
				SDKROOT = iphoneos;
				SWIFT_COMPILATION_MODE = wholemodule;
				SWIFT_OPTIMIZATION_LEVEL = "-O";
				VALIDATE_PRODUCT = YES;
			};
			name = Release;
		};
		7DA35EE4207B00E400E58429 /* Debug */ = {
			isa = XCBuildConfiguration;
			buildSettings = {
				ASSETCATALOG_COMPILER_APPICON_NAME = AppIcon;
				CLANG_ENABLE_MODULES = YES;
				CODE_SIGN_STYLE = Automatic;
				DEVELOPMENT_TEAM = KCN8UWT8XC;
				INFOPLIST_FILE = WJPhotos/Info.plist;
				IPHONEOS_DEPLOYMENT_TARGET = 10.3;
				LD_RUNPATH_SEARCH_PATHS = (
					"$(inherited)",
					"@executable_path/Frameworks",
				);
				PRODUCT_BUNDLE_IDENTIFIER = ulinix.WJPhotos;
				PRODUCT_NAME = "$(TARGET_NAME)";
				SWIFT_OBJC_BRIDGING_HEADER = "";
				SWIFT_OPTIMIZATION_LEVEL = "-Onone";
				SWIFT_VERSION = 4.0;
				TARGETED_DEVICE_FAMILY = 1;
			};
			name = Debug;
		};
		7DA35EE5207B00E400E58429 /* Release */ = {
			isa = XCBuildConfiguration;
			buildSettings = {
				ASSETCATALOG_COMPILER_APPICON_NAME = AppIcon;
				CLANG_ENABLE_MODULES = YES;
				CODE_SIGN_STYLE = Automatic;
				DEVELOPMENT_TEAM = KCN8UWT8XC;
				INFOPLIST_FILE = WJPhotos/Info.plist;
				IPHONEOS_DEPLOYMENT_TARGET = 10.3;
				LD_RUNPATH_SEARCH_PATHS = (
					"$(inherited)",
					"@executable_path/Frameworks",
				);
				PRODUCT_BUNDLE_IDENTIFIER = ulinix.WJPhotos;
				PRODUCT_NAME = "$(TARGET_NAME)";
				SWIFT_OBJC_BRIDGING_HEADER = "";
				SWIFT_VERSION = 4.0;
				TARGETED_DEVICE_FAMILY = 1;
			};
			name = Release;
		};
/* End XCBuildConfiguration section */

/* Begin XCConfigurationList section */
		7DA35ECC207B00E200E58429 /* Build configuration list for PBXProject "WJPhotos" */ = {
			isa = XCConfigurationList;
			buildConfigurations = (
				7DA35EE1207B00E400E58429 /* Debug */,
				7DA35EE2207B00E400E58429 /* Release */,
			);
			defaultConfigurationIsVisible = 0;
			defaultConfigurationName = Release;
		};
		7DA35EE3207B00E400E58429 /* Build configuration list for PBXNativeTarget "WJPhotos" */ = {
			isa = XCConfigurationList;
			buildConfigurations = (
				7DA35EE4207B00E400E58429 /* Debug */,
				7DA35EE5207B00E400E58429 /* Release */,
			);
			defaultConfigurationIsVisible = 0;
			defaultConfigurationName = Release;
		};
/* End XCConfigurationList section */
	};
	rootObject = 7DA35EC9207B00E200E58429 /* Project object */;
}
